# THIS IS AN AUTOGENERATED FILE. DO NOT EDIT THIS FILE DIRECTLY.
# yarn lockfile v1


dayjs@^1.11.10:
  version "1.11.10"
  resolved "https://mirrors.cloud.tencent.com/npm/dayjs/-/dayjs-1.11.10.tgz"
  integrity sha512-vjAczensTgRcqDERK0SR2XMwsF/tSvnvlv6VcF2GIhg6Sx4yOIt/irsr1RDJsKiIyBzJDpCoXiWWq28MqH2cnQ==

lin-ui@^0.9.13:
  version "0.9.13"
  resolved "https://mirrors.cloud.tencent.com/npm/lin-ui/-/lin-ui-0.9.13.tgz"
  integrity sha512-RFRq1D+jCkhFzVCe/Y4C/NnWEK21ZiY961/HJR3mHmHmdq5IkrNBt/39WsUuWcDPty48WaY/3IipOPBBD+7ttw==
